
Microsoft Visual Studio Solution File, Format Version 12.00
# Visual Studio Version 17
VisualStudioVersion = 17.3.32811.315
MinimumVisualStudioVersion = 10.0.40219.1
Project("{FAE04EC0-301F-11D3-BF4B-00C04F79EFBC}") = "studentProject.Model", "studentProject.Model\studentProject.Model.csproj", "{988867C9-E69B-48D7-A090-A350BA69C19A}"
EndProject
Project("{FAE04EC0-301F-11D3-BF4B-00C04F79EFBC}") = "studentProject.Entities", "studentProject.Entities\studentProject.Entities.csproj", "{1469C76B-637C-41B0-90BA-729154CF61DD}"
EndProject
Project("{FAE04EC0-301F-11D3-BF4B-00C04F79EFBC}") = "studentProject.Dal", "studentProject.Dal\studentProject.Dal.csproj", "{8D184D28-C0F9-4BDA-8BB7-D88DCC01BA33}"
EndProject
Project("{FAE04EC0-301F-11D3-BF4B-00C04F79EFBC}") = "studentProject.UI", "studentProject.UI\studentProject.UI.csproj", "{C2C94A4B-511F-47C3-A478-80C39AF92211}"
EndProject
Global
	GlobalSection(SolutionConfigurationPlatforms) = preSolution
		Debug|Any CPU = Debug|Any CPU
		Release|Any CPU = Release|Any CPU
	EndGlobalSection
	GlobalSection(ProjectConfigurationPlatforms) = postSolution
		{988867C9-E69B-48D7-A090-A350BA69C19A}.Debug|Any CPU.ActiveCfg = Debug|Any CPU
		{988867C9-E69B-48D7-A090-A350BA69C19A}.Debug|Any CPU.Build.0 = Debug|Any CPU
		{988867C9-E69B-48D7-A090-A350BA69C19A}.Release|Any CPU.ActiveCfg = Release|Any CPU
		{988867C9-E69B-48D7-A090-A350BA69C19A}.Release|Any CPU.Build.0 = Release|Any CPU
		{1469C76B-637C-41B0-90BA-729154CF61DD}.Debug|Any CPU.ActiveCfg = Debug|Any CPU
		{1469C76B-637C-41B0-90BA-729154CF61DD}.Debug|Any CPU.Build.0 = Debug|Any CPU
		{1469C76B-637C-41B0-90BA-729154CF61DD}.Release|Any CPU.ActiveCfg = Release|Any CPU
		{1469C76B-637C-41B0-90BA-729154CF61DD}.Release|Any CPU.Build.0 = Release|Any CPU
		{8D184D28-C0F9-4BDA-8BB7-D88DCC01BA33}.Debug|Any CPU.ActiveCfg = Debug|Any CPU
		{8D184D28-C0F9-4BDA-8BB7-D88DCC01BA33}.Debug|Any CPU.Build.0 = Debug|Any CPU
		{8D184D28-C0F9-4BDA-8BB7-D88DCC01BA33}.Release|Any CPU.ActiveCfg = Release|Any CPU
		{8D184D28-C0F9-4BDA-8BB7-D88DCC01BA33}.Release|Any CPU.Build.0 = Release|Any CPU
		{C2C94A4B-511F-47C3-A478-80C39AF92211}.Debug|Any CPU.ActiveCfg = Debug|Any CPU
		{C2C94A4B-511F-47C3-A478-80C39AF92211}.Debug|Any CPU.Build.0 = Debug|Any CPU
		{C2C94A4B-511F-47C3-A478-80C39AF92211}.Release|Any CPU.ActiveCfg = Release|Any CPU
		{C2C94A4B-511F-47C3-A478-80C39AF92211}.Release|Any CPU.Build.0 = Release|Any CPU
	EndGlobalSection
	GlobalSection(SolutionProperties) = preSolution
		HideSolutionNode = FALSE
	EndGlobalSection
	GlobalSection(ExtensibilityGlobals) = postSolution
		SolutionGuid = {8B37E900-087C-4BA3-B6D0-2739250387D2}
	EndGlobalSection
EndGlobal
